{
  "name": "code_check",
  "version": "1.0.0",
  "lockfileVersion": 2,
  "requires": true,
  "packages": {
    "": {
      "name": "code_check",
      "version": "1.0.0",
      "dependencies": {
        "child_process": "^1.0.2",
        "process": "^0.11.10",
        "shell": "^0.9.4"
      },
      "devDependencies": {
        "node-cmd": "^5.0.0"
      }
    },
    "node_modules/child_process": {
      "version": "1.0.2",
      "resolved": "https://registry.npmmirror.com/child_process/-/child_process-1.0.2.tgz",
      "integrity": "sha512-Wmza/JzL0SiWz7kl6MhIKT5ceIlnFPJX+lwUGj7Clhy5MMldsSoJR0+uvRzOS5Kv45Mq7t1PoE8TsOA9bzvb6g=="
    },
    "node_modules/clone": {
      "version": "1.0.4",
      "resolved": "https://registry.npmmirror.com/clone/-/clone-1.0.4.tgz",
      "integrity": "sha512-JQHZ2QMW6l3aH/j6xCqQThY/9OH4D/9ls34cgkUBiEeocRTU04tHfKPBsUK1PqZCUQM7GiA0IIXJSuXHI64Kbg==",
      "engines": {
        "node": ">=0.8"
      }
    },
    "node_modules/defaults": {
      "version": "1.0.3",
      "resolved": "https://registry.npmmirror.com/defaults/-/defaults-1.0.3.tgz",
      "integrity": "sha512-s82itHOnYrN0Ib8r+z7laQz3sdE+4FP3d9Q7VLO7U+KRT+CR0GsWuyHxzdAY82I7cXv0G/twrqomTJLOssO5HA==",
      "dependencies": {
        "clone": "^1.0.2"
      }
    },
    "node_modules/mixme": {
      "version": "0.5.4",
      "resolved": "https://registry.npmmirror.com/mixme/-/mixme-0.5.4.tgz",
      "integrity": "sha512-3KYa4m4Vlqx98GPdOHghxSdNtTvcP8E0kkaJ5Dlh+h2DRzF7zpuVVcA8B0QpKd11YJeP9QQ7ASkKzOeu195Wzw==",
      "engines": {
        "node": ">= 8.0.0"
      }
    },
    "node_modules/node-cmd": {
      "version": "5.0.0",
      "resolved": "https://registry.npmmirror.com/node-cmd/-/node-cmd-5.0.0.tgz",
      "integrity": "sha512-4sQTJmsS5uZKAPz/Df9fnIbmvOySfGdW+UreH4X5NcAOOpKjaE+K5wf4ehNBbZVPo0vQ36RkRnhhsXXJAT+Syw==",
      "dev": true,
      "engines": {
        "node": ">=6.4.0"
      }
    },
    "node_modules/pad": {
      "version": "3.2.0",
      "resolved": "https://registry.npmmirror.com/pad/-/pad-3.2.0.tgz",
      "integrity": "sha512-2u0TrjcGbOjBTJpyewEl4hBO3OeX5wWue7eIFPzQTg6wFSvoaHcBTTUY5m+n0hd04gmTCPuY0kCpVIVuw5etwg==",
      "dependencies": {
        "wcwidth": "^1.0.1"
      },
      "engines": {
        "node": ">= 4.0.0"
      }
    },
    "node_modules/plug-and-play": {
      "version": "2.5.4",
      "resolved": "https://registry.npmmirror.com/plug-and-play/-/plug-and-play-2.5.4.tgz",
      "integrity": "sha512-Mj0VnPSbjq45tk0ue9f0He9G7XWbbXAT54FPtVxQ1rX//N7JJuXSpm1jo8vl6YaGmeYaU/keurRC0B0FKVrYLw==",
      "dependencies": {
        "mixme": "^0.5.4",
        "toposort": "^2.0.2"
      }
    },
    "node_modules/process": {
      "version": "0.11.10",
      "resolved": "https://registry.npmmirror.com/process/-/process-0.11.10.tgz",
      "integrity": "sha512-cdGef/drWFoydD1JsMzuFf8100nZl+GT+yacc2bEced5f9Rjk4z+WtFUTBu9PhOi9j/jfmBPu0mMEY4wIdAF8A==",
      "engines": {
        "node": ">= 0.6.0"
      }
    },
    "node_modules/shell": {
      "version": "0.9.4",
      "resolved": "https://registry.npmmirror.com/shell/-/shell-0.9.4.tgz",
      "integrity": "sha512-+ghvKO3N1/4/c5T30EPPQ80P3MjRtuOwQIfewyB2ZVgdzTjtuCJ42qF1QbfKxMqhdGZvjccpTQYkQ+Wwtm3hnQ==",
      "dependencies": {
        "mixme": "^0.5.4",
        "pad": "^3.2.0",
        "plug-and-play": "^2.4.0"
      },
      "engines": {
        "node": ">= 0.10.x"
      }
    },
    "node_modules/toposort": {
      "version": "2.0.2",
      "resolved": "https://registry.npmmirror.com/toposort/-/toposort-2.0.2.tgz",
      "integrity": "sha512-0a5EOkAUp8D4moMi2W8ZF8jcga7BgZd91O/yabJCFY8az+XSzeGyTKs0Aoo897iV1Nj6guFq8orWDS96z91oGg=="
    },
    "node_modules/wcwidth": {
      "version": "1.0.1",
      "resolved": "https://registry.npmmirror.com/wcwidth/-/wcwidth-1.0.1.tgz",
      "integrity": "sha512-XHPEwS0q6TaxcvG85+8EYkbiCux2XtWG2mkc47Ng2A77BQu9+DqIOJldST4HgPkuea7dvKSj5VgX3P1d4rW8Tg==",
      "dependencies": {
        "defaults": "^1.0.3"
      }
    }
  },
  "dependencies": {
    "child_process": {
      "version": "1.0.2",
      "resolved": "https://registry.npmmirror.com/child_process/-/child_process-1.0.2.tgz",
      "integrity": "sha512-Wmza/JzL0SiWz7kl6MhIKT5ceIlnFPJX+lwUGj7Clhy5MMldsSoJR0+uvRzOS5Kv45Mq7t1PoE8TsOA9bzvb6g=="
    },
    "clone": {
      "version": "1.0.4",
      "resolved": "https://registry.npmmirror.com/clone/-/clone-1.0.4.tgz",
      "integrity": "sha512-JQHZ2QMW6l3aH/j6xCqQThY/9OH4D/9ls34cgkUBiEeocRTU04tHfKPBsUK1PqZCUQM7GiA0IIXJSuXHI64Kbg=="
    },
    "defaults": {
      "version": "1.0.3",
      "resolved": "https://registry.npmmirror.com/defaults/-/defaults-1.0.3.tgz",
      "integrity": "sha512-s82itHOnYrN0Ib8r+z7laQz3sdE+4FP3d9Q7VLO7U+KRT+CR0GsWuyHxzdAY82I7cXv0G/twrqomTJLOssO5HA==",
      "requires": {
        "clone": "^1.0.2"
      }
    },
    "mixme": {
      "version": "0.5.4",
      "resolved": "https://registry.npmmirror.com/mixme/-/mixme-0.5.4.tgz",
      "integrity": "sha512-3KYa4m4Vlqx98GPdOHghxSdNtTvcP8E0kkaJ5Dlh+h2DRzF7zpuVVcA8B0QpKd11YJeP9QQ7ASkKzOeu195Wzw=="
    },
    "node-cmd": {
      "version": "5.0.0",
      "resolved": "https://registry.npmmirror.com/node-cmd/-/node-cmd-5.0.0.tgz",
      "integrity": "sha512-4sQTJmsS5uZKAPz/Df9fnIbmvOySfGdW+UreH4X5NcAOOpKjaE+K5wf4ehNBbZVPo0vQ36RkRnhhsXXJAT+Syw==",
      "dev": true
    },
    "pad": {
      "version": "3.2.0",
      "resolved": "https://registry.npmmirror.com/pad/-/pad-3.2.0.tgz",
      "integrity": "sha512-2u0TrjcGbOjBTJpyewEl4hBO3OeX5wWue7eIFPzQTg6wFSvoaHcBTTUY5m+n0hd04gmTCPuY0kCpVIVuw5etwg==",
      "requires": {
        "wcwidth": "^1.0.1"
      }
    },
    "plug-and-play": {
      "version": "2.5.4",
      "resolved": "https://registry.npmmirror.com/plug-and-play/-/plug-and-play-2.5.4.tgz",
      "integrity": "sha512-Mj0VnPSbjq45tk0ue9f0He9G7XWbbXAT54FPtVxQ1rX//N7JJuXSpm1jo8vl6YaGmeYaU/keurRC0B0FKVrYLw==",
      "requires": {
        "mixme": "^0.5.4",
        "toposort": "^2.0.2"
      }
    },
    "process": {
      "version": "0.11.10",
      "resolved": "https://registry.npmmirror.com/process/-/process-0.11.10.tgz",
      "integrity": "sha512-cdGef/drWFoydD1JsMzuFf8100nZl+GT+yacc2bEced5f9Rjk4z+WtFUTBu9PhOi9j/jfmBPu0mMEY4wIdAF8A=="
    },
    "shell": {
      "version": "0.9.4",
      "resolved": "https://registry.npmmirror.com/shell/-/shell-0.9.4.tgz",
      "integrity": "sha512-+ghvKO3N1/4/c5T30EPPQ80P3MjRtuOwQIfewyB2ZVgdzTjtuCJ42qF1QbfKxMqhdGZvjccpTQYkQ+Wwtm3hnQ==",
      "requires": {
        "mixme": "^0.5.4",
        "pad": "^3.2.0",
        "plug-and-play": "^2.4.0"
      }
    },
    "toposort": {
      "version": "2.0.2",
      "resolved": "https://registry.npmmirror.com/toposort/-/toposort-2.0.2.tgz",
      "integrity": "sha512-0a5EOkAUp8D4moMi2W8ZF8jcga7BgZd91O/yabJCFY8az+XSzeGyTKs0Aoo897iV1Nj6guFq8orWDS96z91oGg=="
    },
    "wcwidth": {
      "version": "1.0.1",
      "resolved": "https://registry.npmmirror.com/wcwidth/-/wcwidth-1.0.1.tgz",
      "integrity": "sha512-XHPEwS0q6TaxcvG85+8EYkbiCux2XtWG2mkc47Ng2A77BQu9+DqIOJldST4HgPkuea7dvKSj5VgX3P1d4rW8Tg==",
      "requires": {
        "defaults": "^1.0.3"
      }
    }
  }
}
